
Microsoft Visual Studio Solution File, Format Version 12.00
# Visual Studio Version 17
VisualStudioVersion = 17.8.34525.116
MinimumVisualStudioVersion = 10.0.40219.1
Project("{FAE04EC0-301F-11D3-BF4B-00C04F79EFBC}") = "WebApplication1", "WebApplication1\WebApplication1.csproj", "{79AFAF8F-1431-4145-922F-DF6A309E5C73}"
EndProject
Global
	GlobalSection(SolutionConfigurationPlatforms) = preSolution
		Debug|Any CPU = Debug|Any CPU
		Release|Any CPU = Release|Any CPU
	EndGlobalSection
	GlobalSection(ProjectConfigurationPlatforms) = postSolution
		{79AFAF8F-1431-4145-922F-DF6A309E5C73}.Debug|Any CPU.ActiveCfg = Debug|Any CPU
		{79AFAF8F-1431-4145-922F-DF6A309E5C73}.Debug|Any CPU.Build.0 = Debug|Any CPU
		{79AFAF8F-1431-4145-922F-DF6A309E5C73}.Release|Any CPU.ActiveCfg = Release|Any CPU
		{79AFAF8F-1431-4145-922F-DF6A309E5C73}.Release|Any CPU.Build.0 = Release|Any CPU
	EndGlobalSection
	GlobalSection(SolutionProperties) = preSolution
		HideSolutionNode = FALSE
	EndGlobalSection
	GlobalSection(ExtensibilityGlobals) = postSolution
		SolutionGuid = {FE06D2ED-3F64-4E3C-8B8F-5B31111CBC0A}
	EndGlobalSection
EndGlobal
