
Microsoft Visual Studio Solution File, Format Version 12.00
# Visual Studio Version 17
VisualStudioVersion = 17.8.34525.116
MinimumVisualStudioVersion = 10.0.40219.1
Project("{9A19103F-16F7-4668-BE54-9A1E7A4F7556}") = "Products", "Products\Products.csproj", "{4CDC096E-BD43-478B-9C97-ACC23A45A003}"
EndProject
Project("{9A19103F-16F7-4668-BE54-9A1E7A4F7556}") = "Product.Domain", "Product.Domain\Product.Domain.csproj", "{792EDDC3-8303-4F0C-8782-CC5BA671C75D}"
EndProject
Project("{E53339B2-1760-4266-BCC7-CA923CBCF16C}") = "docker-compose", "docker-compose.dcproj", "{81DDED9D-158B-E303-5F62-77A2896D2A5A}"
EndProject
Global
	GlobalSection(SolutionConfigurationPlatforms) = preSolution
		Debug|Any CPU = Debug|Any CPU
		Release|Any CPU = Release|Any CPU
	EndGlobalSection
	GlobalSection(ProjectConfigurationPlatforms) = postSolution
		{4CDC096E-BD43-478B-9C97-ACC23A45A003}.Debug|Any CPU.ActiveCfg = Debug|Any CPU
		{4CDC096E-BD43-478B-9C97-ACC23A45A003}.Debug|Any CPU.Build.0 = Debug|Any CPU
		{4CDC096E-BD43-478B-9C97-ACC23A45A003}.Release|Any CPU.ActiveCfg = Release|Any CPU
		{4CDC096E-BD43-478B-9C97-ACC23A45A003}.Release|Any CPU.Build.0 = Release|Any CPU
		{792EDDC3-8303-4F0C-8782-CC5BA671C75D}.Debug|Any CPU.ActiveCfg = Debug|Any CPU
		{792EDDC3-8303-4F0C-8782-CC5BA671C75D}.Debug|Any CPU.Build.0 = Debug|Any CPU
		{792EDDC3-8303-4F0C-8782-CC5BA671C75D}.Release|Any CPU.ActiveCfg = Release|Any CPU
		{792EDDC3-8303-4F0C-8782-CC5BA671C75D}.Release|Any CPU.Build.0 = Release|Any CPU
		{81DDED9D-158B-E303-5F62-77A2896D2A5A}.Debug|Any CPU.ActiveCfg = Debug|Any CPU
		{81DDED9D-158B-E303-5F62-77A2896D2A5A}.Debug|Any CPU.Build.0 = Debug|Any CPU
		{81DDED9D-158B-E303-5F62-77A2896D2A5A}.Release|Any CPU.ActiveCfg = Release|Any CPU
		{81DDED9D-158B-E303-5F62-77A2896D2A5A}.Release|Any CPU.Build.0 = Release|Any CPU
	EndGlobalSection
	GlobalSection(SolutionProperties) = preSolution
		HideSolutionNode = FALSE
	EndGlobalSection
	GlobalSection(ExtensibilityGlobals) = postSolution
		SolutionGuid = {874BAB3C-E280-4797-B0BA-DA4F5F047DE1}
	EndGlobalSection
EndGlobal
